// !$*UTF8*$!
{
	archiveVersion = 1;
	classes = {
	};
	objectVersion = 50;
	objects = {

/* Begin PBXBuildFile section */
		453F9157212DF8F5000E40AF /* twitter-data-model.mlmodel in Sources */ = {isa = PBXBuildFile; fileRef = 453F9156212DF8F5000E40AF /* twitter-data-model.mlmodel */; };
		45E9FB3C212BAC09004A333E /* AppDelegate.swift in Sources */ = {isa = PBXBuildFile; fileRef = 45E9FB3B212BAC09004A333E /* AppDelegate.swift */; };
		45E9FB3E212BAC09004A333E /* ViewController.swift in Sources */ = {isa = PBXBuildFile; fileRef = 45E9FB3D212BAC09004A333E /* ViewController.swift */; };
		45E9FB41212BAC09004A333E /* Main.storyboard in Resources */ = {isa = PBXBuildFile; fileRef = 45E9FB3F212BAC09004A333E /* Main.storyboard */; };
		45E9FB43212BAC0A004A333E /* Assets.xcassets in Resources */ = {isa = PBXBuildFile; fileRef = 45E9FB42212BAC0A004A333E /* Assets.xcassets */; };
		45E9FB46212BAC0A004A333E /* LaunchScreen.storyboard in Resources */ = {isa = PBXBuildFile; fileRef = 45E9FB44212BAC0A004A333E /* LaunchScreen.storyboard */; };
/* End PBXBuildFile section */

/* Begin PBXFileReference section */
		453F9153212DF725000E40AF /* DataModelMaker.playground */ = {isa = PBXFileReference; lastKnownFileType = file.playground; path = DataModelMaker.playground; sourceTree = "<group>"; xcLanguageSpecificationIdentifier = xcode.lang.swift; };
		453F9156212DF8F5000E40AF /* twitter-data-model.mlmodel */ = {isa = PBXFileReference; lastKnownFileType = file.mlmodel; path = "twitter-data-model.mlmodel"; sourceTree = SOURCE_ROOT; };
		45E9FB38212BAC09004A333E /* TwitterSentimentAnalysis.app */ = {isa = PBXFileReference; explicitFileType = wrapper.application; includeInIndex = 0; path = TwitterSentimentAnalysis.app; sourceTree = BUILT_PRODUCTS_DIR; };
		45E9FB3B212BAC09004A333E /* AppDelegate.swift */ = {isa = PBXFileReference; lastKnownFileType = sourcecode.swift; path = AppDelegate.swift; sourceTree = "<group>"; };
		45E9FB3D212BAC09004A333E /* ViewController.swift */ = {isa = PBXFileReference; lastKnownFileType = sourcecode.swift; path = ViewController.swift; sourceTree = "<group>"; };
		45E9FB40212BAC09004A333E /* Base */ = {isa = PBXFileReference; lastKnownFileType = file.storyboard; name = Base; path = Base.lproj/Main.storyboard; sourceTree = "<group>"; };
		45E9FB42212BAC0A004A333E /* Assets.xcassets */ = {isa = PBXFileReference; lastKnownFileType = folder.assetcatalog; path = Assets.xcassets; sourceTree = "<group>"; };
		45E9FB45212BAC0A004A333E /* Base */ = {isa = PBXFileReference; lastKnownFileType = file.storyboard; name = Base; path = Base.lproj/LaunchScreen.storyboard; sourceTree = "<group>"; };
		45E9FB47212BAC0A004A333E /* Info.plist */ = {isa = PBXFileReference; lastKnownFileType = text.plist.xml; path = Info.plist; sourceTree = "<group>"; };
/* End PBXFileReference section */

/* Begin PBXFrameworksBuildPhase section */
		45E9FB35212BAC09004A333E /* Frameworks */ = {
			isa = PBXFrameworksBuildPhase;
			buildActionMask = 2147483647;
			files = (
			);
			runOnlyForDeploymentPostprocessing = 0;
		};
/* End PBXFrameworksBuildPhase section */

/* Begin PBXGroup section */
		45E9FB2F212BAC08004A333E = {
			isa = PBXGroup;
			children = (
				45E9FB3A212BAC09004A333E /* TwitterSentimentAnalysis */,
				45E9FB39212BAC09004A333E /* Products */,
			);
			sourceTree = "<group>";
		};
		45E9FB39212BAC09004A333E /* Products */ = {
			isa = PBXGroup;
			children = (
				45E9FB38212BAC09004A333E /* TwitterSentimentAnalysis.app */,
			);
			name = Products;
			sourceTree = "<group>";
		};
		45E9FB3A212BAC09004A333E /* TwitterSentimentAnalysis */ = {
			isa = PBXGroup;
			children = (
				453F9153212DF725000E40AF /* DataModelMaker.playground */,
				45E9FB3B212BAC09004A333E /* AppDelegate.swift */,
				45E9FB3D212BAC09004A333E /* ViewController.swift */,
				45E9FB3F212BAC09004A333E /* Main.storyboard */,
				45E9FB42212BAC0A004A333E /* Assets.xcassets */,
				45E9FB44212BAC0A004A333E /* LaunchScreen.storyboard */,
				453F9156212DF8F5000E40AF /* twitter-data-model.mlmodel */,
				45E9FB47212BAC0A004A333E /* Info.plist */,
			);
			path = TwitterSentimentAnalysis;
			sourceTree = "<group>";
		};
/* End PBXGroup section */

/* Begin PBXNativeTarget section */
		45E9FB37212BAC09004A333E /* TwitterSentimentAnalysis */ = {
			isa = PBXNativeTarget;
			buildConfigurationList = 45E9FB4A212BAC0A004A333E /* Build configuration list for PBXNativeTarget "TwitterSentimentAnalysis" */;
			buildPhases = (
				45E9FB34212BAC09004A333E /* Sources */,
				45E9FB35212BAC09004A333E /* Frameworks */,
				45E9FB36212BAC09004A333E /* Resources */,
			);
			buildRules = (
			);
			dependencies = (
			);
			name = TwitterSentimentAnalysis;
			productName = TwitterSentimentAnalysis;
			productReference = 45E9FB38212BAC09004A333E /* TwitterSentimentAnalysis.app */;
			productType = "com.apple.product-type.application";
		};
/* End PBXNativeTarget section */

/* Begin PBXProject section */
		45E9FB30212BAC08004A333E /* Project object */ = {
			isa = PBXProject;
			attributes = {
				LastSwiftUpdateCheck = 1000;
				LastUpgradeCheck = 1000;
				ORGANIZATIONNAME = "Yasir Merchant";
				TargetAttributes = {
					45E9FB37212BAC09004A333E = {
						CreatedOnToolsVersion = 10.0;
					};
				};
			};
			buildConfigurationList = 45E9FB33212BAC08004A333E /* Build configuration list for PBXProject "TwitterSentimentAnalysis" */;
			compatibilityVersion = "Xcode 9.3";
			developmentRegion = en;
			hasScannedForEncodings = 0;
			knownRegions = (
				en,
				Base,
			);
			mainGroup = 45E9FB2F212BAC08004A333E;
			productRefGroup = 45E9FB39212BAC09004A333E /* Products */;
			projectDirPath = "";
			projectRoot = "";
			targets = (
				45E9FB37212BAC09004A333E /* TwitterSentimentAnalysis */,
			);
		};
/* End PBXProject section */

/* Begin PBXResourcesBuildPhase section */
		45E9FB36212BAC09004A333E /* Resources */ = {
			isa = PBXResourcesBuildPhase;
			buildActionMask = 2147483647;
			files = (
				45E9FB46212BAC0A004A333E /* LaunchScreen.storyboard in Resources */,
				45E9FB43212BAC0A004A333E /* Assets.xcassets in Resources */,
				45E9FB41212BAC09004A333E /* Main.storyboard in Resources */,
			);
			runOnlyForDeploymentPostprocessing = 0;
		};
/* End PBXResourcesBuildPhase section */

/* Begin PBXSourcesBuildPhase section */
		45E9FB34212BAC09004A333E /* Sources */ = {
			isa = PBXSourcesBuildPhase;
			buildActionMask = 2147483647;
			files = (
				45E9FB3E212BAC09004A333E /* ViewController.swift in Sources */,
				453F9157212DF8F5000E40AF /* twitter-data-model.mlmodel in Sources */,
				45E9FB3C212BAC09004A333E /* AppDelegate.swift in Sources */,
			);
			runOnlyForDeploymentPostprocessing = 0;
		};
/* End PBXSourcesBuildPhase section */

/* Begin PBXVariantGroup section */
		45E9FB3F212BAC09004A333E /* Main.storyboard */ = {
			isa = PBXVariantGroup;
			children = (
				45E9FB40212BAC09004A333E /* Base */,
			);
			name = Main.storyboard;
			sourceTree = "<group>";
		};
		45E9FB44212BAC0A004A333E /* LaunchScreen.storyboard */ = {
			isa = PBXVariantGroup;
			children = (
				45E9FB45212BAC0A004A333E /* Base */,
			);
			name = LaunchScreen.storyboard;
			sourceTree = "<group>";
		};
/* End PBXVariantGroup section */

/* Begin XCBuildConfiguration section */
		45E9FB48212BAC0A004A333E /* Debug */ = {
			isa = XCBuildConfiguration;
			buildSettings = {
				ALWAYS_SEARCH_USER_PATHS = NO;
				CLANG_ANALYZER_NONNULL = YES;
				CLANG_ANALYZER_NUMBER_OBJECT_CONVERSION = YES_AGGRESSIVE;
				CLANG_CXX_LANGUAGE_STANDARD = "gnu++14";
				CLANG_CXX_LIBRARY = "libc++";
				CLANG_ENABLE_MODULES = YES;
				CLANG_ENABLE_OBJC_ARC = YES;
				CLANG_ENABLE_OBJC_WEAK = YES;
				CLANG_WARN_BLOCK_CAPTURE_AUTORELEASING = YES;
				CLANG_WARN_BOOL_CONVERSION = YES;
				CLANG_WARN_COMMA = YES;
				CLANG_WARN_CONSTANT_CONVERSION = YES;
				CLANG_WARN_DEPRECATED_OBJC_IMPLEMENTATIONS = YES;
				CLANG_WARN_DIRECT_OBJC_ISA_USAGE = YES_ERROR;
				CLANG_WARN_DOCUMENTATION_COMMENTS = YES;
				CLANG_WARN_EMPTY_BODY = YES;
				CLANG_WARN_ENUM_CONVERSION = YES;
				CLANG_WARN_INFINITE_RECURSION = YES;
				CLANG_WARN_INT_CONVERSION = YES;
				CLANG_WARN_NON_LITERAL_NULL_CONVERSION = YES;
				CLANG_WARN_OBJC_IMPLICIT_RETAIN_SELF = YES;
				CLANG_WARN_OBJC_LITERAL_CONVERSION = YES;
				CLANG_WARN_OBJC_ROOT_CLASS = YES_ERROR;
				CLANG_WARN_RANGE_LOOP_ANALYSIS = YES;
				CLANG_WARN_STRICT_PROTOTYPES = YES;
				CLANG_WARN_SUSPICIOUS_MOVE = YES;
				CLANG_WARN_UNGUARDED_AVAILABILITY = YES_AGGRESSIVE;
				CLANG_WARN_UNREACHABLE_CODE = YES;
				CLANG_WARN__DUPLICATE_METHOD_MATCH = YES;
				CODE_SIGN_IDENTITY = "iPhone Developer";
				COPY_PHASE_STRIP = NO;
				DEBUG_INFORMATION_FORMAT = dwarf;
				ENABLE_STRICT_OBJC_MSGSEND = YES;
				ENABLE_TESTABILITY = YES;
				GCC_C_LANGUAGE_STANDARD = gnu11;
				GCC_DYNAMIC_NO_PIC = NO;
				GCC_NO_COMMON_BLOCKS = YES;
				GCC_OPTIMIZATION_LEVEL = 0;
				GCC_PREPROCESSOR_DEFINITIONS = (
					"DEBUG=1",
					"$(inherited)",
				);
				GCC_WARN_64_TO_32_BIT_CONVERSION = YES;
				GCC_WARN_ABOUT_RETURN_TYPE = YES_ERROR;
				GCC_WARN_UNDECLARED_SELECTOR = YES;
				GCC_WARN_UNINITIALIZED_AUTOS = YES_AGGRESSIVE;
				GCC_WARN_UNUSED_FUNCTION = YES;
				GCC_WARN_UNUSED_VARIABLE = YES;
				IPHONEOS_DEPLOYMENT_TARGET = 12.0;
				MTL_ENABLE_DEBUG_INFO = INCLUDE_SOURCE;
				MTL_FAST_MATH = YES;
				ONLY_ACTIVE_ARCH = YES;
				SDKROOT = iphoneos;
				SWIFT_ACTIVE_COMPILATION_CONDITIONS = DEBUG;
				SWIFT_OPTIMIZATION_LEVEL = "-Onone";
			};
			name = Debug;
		};
		45E9FB49212BAC0A004A333E /* Release */ = {
			isa = XCBuildConfiguration;
			buildSettings = {
				ALWAYS_SEARCH_USER_PATHS = NO;
				CLANG_ANALYZER_NONNULL = YES;
				CLANG_ANALYZER_NUMBER_OBJECT_CONVERSION = YES_AGGRESSIVE;
				CLANG_CXX_LANGUAGE_STANDARD = "gnu++14";
				CLANG_CXX_LIBRARY = "libc++";
				CLANG_ENABLE_MODULES = YES;
				CLANG_ENABLE_OBJC_ARC = YES;
				CLANG_ENABLE_OBJC_WEAK = YES;
				CLANG_WARN_BLOCK_CAPTURE_AUTORELEASING = YES;
				CLANG_WARN_BOOL_CONVERSION = YES;
				CLANG_WARN_COMMA = YES;
				CLANG_WARN_CONSTANT_CONVERSION = YES;
				CLANG_WARN_DEPRECATED_OBJC_IMPLEMENTATIONS = YES;
				CLANG_WARN_DIRECT_OBJC_ISA_USAGE = YES_ERROR;
				CLANG_WARN_DOCUMENTATION_COMMENTS = YES;
				CLANG_WARN_EMPTY_BODY = YES;
				CLANG_WARN_ENUM_CONVERSION = YES;
				CLANG_WARN_INFINITE_RECURSION = YES;
				CLANG_WARN_INT_CONVERSION = YES;
				CLANG_WARN_NON_LITERAL_NULL_CONVERSION = YES;
				CLANG_WARN_OBJC_IMPLICIT_RETAIN_SELF = YES;
				CLANG_WARN_OBJC_LITERAL_CONVERSION = YES;
				CLANG_WARN_OBJC_ROOT_CLASS = YES_ERROR;
				CLANG_WARN_RANGE_LOOP_ANALYSIS = YES;
				CLANG_WARN_STRICT_PROTOTYPES = YES;
				CLANG_WARN_SUSPICIOUS_MOVE = YES;
				CLANG_WARN_UNGUARDED_AVAILABILITY = YES_AGGRESSIVE;
				CLANG_WARN_UNREACHABLE_CODE = YES;
				CLANG_WARN__DUPLICATE_METHOD_MATCH = YES;
				CODE_SIGN_IDENTITY = "iPhone Developer";
				COPY_PHASE_STRIP = NO;
				DEBUG_INFORMATION_FORMAT = "dwarf-with-dsym";
				ENABLE_NS_ASSERTIONS = NO;
				ENABLE_STRICT_OBJC_MSGSEND = YES;
				GCC_C_LANGUAGE_STANDARD = gnu11;
				GCC_NO_COMMON_BLOCKS = YES;
				GCC_WARN_64_TO_32_BIT_CONVERSION = YES;
				GCC_WARN_ABOUT_RETURN_TYPE = YES_ERROR;
				GCC_WARN_UNDECLARED_SELECTOR = YES;
				GCC_WARN_UNINITIALIZED_AUTOS = YES_AGGRESSIVE;
				GCC_WARN_UNUSED_FUNCTION = YES;
				GCC_WARN_UNUSED_VARIABLE = YES;
				IPHONEOS_DEPLOYMENT_TARGET = 12.0;
				MTL_ENABLE_DEBUG_INFO = NO;
				MTL_FAST_MATH = YES;
				SDKROOT = iphoneos;
				SWIFT_COMPILATION_MODE = wholemodule;
				SWIFT_OPTIMIZATION_LEVEL = "-O";
				VALIDATE_PRODUCT = YES;
			};
			name = Release;
		};
		45E9FB4B212BAC0A004A333E /* Debug */ = {
			isa = XCBuildConfiguration;
			buildSettings = {
				ASSETCATALOG_COMPILER_APPICON_NAME = AppIcon;
				CODE_SIGN_STYLE = Automatic;
				DEVELOPMENT_TEAM = L77PA869CW;
				INFOPLIST_FILE = TwitterSentimentAnalysis/Info.plist;
				LD_RUNPATH_SEARCH_PATHS = (
					"$(inherited)",
					"@executable_path/Frameworks",
				);
				PRODUCT_BUNDLE_IDENTIFIER = ca.myasir.TwitterSentimentAnalysis;
				PRODUCT_NAME = "$(TARGET_NAME)";
				SWIFT_VERSION = 4.2;
				TARGETED_DEVICE_FAMILY = "1,2";
			};
			name = Debug;
		};
		45E9FB4C212BAC0A004A333E /* Release */ = {
			isa = XCBuildConfiguration;
			buildSettings = {
				ASSETCATALOG_COMPILER_APPICON_NAME = AppIcon;
				CODE_SIGN_STYLE = Automatic;
				DEVELOPMENT_TEAM = L77PA869CW;
				INFOPLIST_FILE = TwitterSentimentAnalysis/Info.plist;
				LD_RUNPATH_SEARCH_PATHS = (
					"$(inherited)",
					"@executable_path/Frameworks",
				);
				PRODUCT_BUNDLE_IDENTIFIER = ca.myasir.TwitterSentimentAnalysis;
				PRODUCT_NAME = "$(TARGET_NAME)";
				SWIFT_VERSION = 4.2;
				TARGETED_DEVICE_FAMILY = "1,2";
			};
			name = Release;
		};
/* End XCBuildConfiguration section */

/* Begin XCConfigurationList section */
		45E9FB33212BAC08004A333E /* Build configuration list for PBXProject "TwitterSentimentAnalysis" */ = {
			isa = XCConfigurationList;
			buildConfigurations = (
				45E9FB48212BAC0A004A333E /* Debug */,
				45E9FB49212BAC0A004A333E /* Release */,
			);
			defaultConfigurationIsVisible = 0;
			defaultConfigurationName = Release;
		};
		45E9FB4A212BAC0A004A333E /* Build configuration list for PBXNativeTarget "TwitterSentimentAnalysis" */ = {
			isa = XCConfigurationList;
			buildConfigurations = (
				45E9FB4B212BAC0A004A333E /* Debug */,
				45E9FB4C212BAC0A004A333E /* Release */,
			);
			defaultConfigurationIsVisible = 0;
			defaultConfigurationName = Release;
		};
/* End XCConfigurationList section */
	};
	rootObject = 45E9FB30212BAC08004A333E /* Project object */;
}
